// !$*UTF8*$!
{
	archiveVersion = 1;
	classes = {
	};
	objectVersion = 55;
	objects = {

/* Begin PBXBuildFile section */
		393320B828D27E88004B3122 /* AppDelegate.swift in Sources */ = {isa = PBXBuildFile; fileRef = 393320B728D27E88004B3122 /* AppDelegate.swift */; };
		393320BA28D27E88004B3122 /* SceneDelegate.swift in Sources */ = {isa = PBXBuildFile; fileRef = 393320B928D27E88004B3122 /* SceneDelegate.swift */; };
		393320BC28D27E88004B3122 /* ViewController.swift in Sources */ = {isa = PBXBuildFile; fileRef = 393320BB28D27E88004B3122 /* ViewController.swift */; };
		393320BF28D27E88004B3122 /* Main.storyboard in Resources */ = {isa = PBXBuildFile; fileRef = 393320BD28D27E88004B3122 /* Main.storyboard */; };
		393320C128D27E89004B3122 /* Assets.xcassets in Resources */ = {isa = PBXBuildFile; fileRef = 393320C028D27E89004B3122 /* Assets.xcassets */; };
		393320C428D27E89004B3122 /* LaunchScreen.storyboard in Resources */ = {isa = PBXBuildFile; fileRef = 393320C228D27E89004B3122 /* LaunchScreen.storyboard */; };
		393320CF28D27E89004B3122 /* projetoTests.swift in Sources */ = {isa = PBXBuildFile; fileRef = 393320CE28D27E89004B3122 /* projetoTests.swift */; };
		393320D928D27E89004B3122 /* projetoUITests.swift in Sources */ = {isa = PBXBuildFile; fileRef = 393320D828D27E89004B3122 /* projetoUITests.swift */; };
		393320DB28D27E89004B3122 /* projetoUITestsLaunchTests.swift in Sources */ = {isa = PBXBuildFile; fileRef = 393320DA28D27E89004B3122 /* projetoUITestsLaunchTests.swift */; };
/* End PBXBuildFile section */

/* Begin PBXContainerItemProxy section */
		393320CB28D27E89004B3122 /* PBXContainerItemProxy */ = {
			isa = PBXContainerItemProxy;
			containerPortal = 393320AC28D27E88004B3122 /* Project object */;
			proxyType = 1;
			remoteGlobalIDString = 393320B328D27E88004B3122;
			remoteInfo = projeto;
		};
		393320D528D27E89004B3122 /* PBXContainerItemProxy */ = {
			isa = PBXContainerItemProxy;
			containerPortal = 393320AC28D27E88004B3122 /* Project object */;
			proxyType = 1;
			remoteGlobalIDString = 393320B328D27E88004B3122;
			remoteInfo = projeto;
		};
/* End PBXContainerItemProxy section */

/* Begin PBXFileReference section */
		393320B428D27E88004B3122 /* projeto.app */ = {isa = PBXFileReference; explicitFileType = wrapper.application; includeInIndex = 0; path = projeto.app; sourceTree = BUILT_PRODUCTS_DIR; };
		393320B728D27E88004B3122 /* AppDelegate.swift */ = {isa = PBXFileReference; lastKnownFileType = sourcecode.swift; path = AppDelegate.swift; sourceTree = "<group>"; };
		393320B928D27E88004B3122 /* SceneDelegate.swift */ = {isa = PBXFileReference; lastKnownFileType = sourcecode.swift; path = SceneDelegate.swift; sourceTree = "<group>"; };
		393320BB28D27E88004B3122 /* ViewController.swift */ = {isa = PBXFileReference; lastKnownFileType = sourcecode.swift; path = ViewController.swift; sourceTree = "<group>"; };
		393320BE28D27E88004B3122 /* Base */ = {isa = PBXFileReference; lastKnownFileType = file.storyboard; name = Base; path = Base.lproj/Main.storyboard; sourceTree = "<group>"; };
		393320C028D27E89004B3122 /* Assets.xcassets */ = {isa = PBXFileReference; lastKnownFileType = folder.assetcatalog; path = Assets.xcassets; sourceTree = "<group>"; };
		393320C328D27E89004B3122 /* Base */ = {isa = PBXFileReference; lastKnownFileType = file.storyboard; name = Base; path = Base.lproj/LaunchScreen.storyboard; sourceTree = "<group>"; };
		393320C528D27E89004B3122 /* Info.plist */ = {isa = PBXFileReference; lastKnownFileType = text.plist.xml; path = Info.plist; sourceTree = "<group>"; };
		393320CA28D27E89004B3122 /* projetoTests.xctest */ = {isa = PBXFileReference; explicitFileType = wrapper.cfbundle; includeInIndex = 0; path = projetoTests.xctest; sourceTree = BUILT_PRODUCTS_DIR; };
		393320CE28D27E89004B3122 /* projetoTests.swift */ = {isa = PBXFileReference; lastKnownFileType = sourcecode.swift; path = projetoTests.swift; sourceTree = "<group>"; };
		393320D428D27E89004B3122 /* projetoUITests.xctest */ = {isa = PBXFileReference; explicitFileType = wrapper.cfbundle; includeInIndex = 0; path = projetoUITests.xctest; sourceTree = BUILT_PRODUCTS_DIR; };
		393320D828D27E89004B3122 /* projetoUITests.swift */ = {isa = PBXFileReference; lastKnownFileType = sourcecode.swift; path = projetoUITests.swift; sourceTree = "<group>"; };
		393320DA28D27E89004B3122 /* projetoUITestsLaunchTests.swift */ = {isa = PBXFileReference; lastKnownFileType = sourcecode.swift; path = projetoUITestsLaunchTests.swift; sourceTree = "<group>"; };
/* End PBXFileReference section */

/* Begin PBXFrameworksBuildPhase section */
		393320B128D27E88004B3122 /* Frameworks */ = {
			isa = PBXFrameworksBuildPhase;
			buildActionMask = 2147483647;
			files = (
			);
			runOnlyForDeploymentPostprocessing = 0;
		};
		393320C728D27E89004B3122 /* Frameworks */ = {
			isa = PBXFrameworksBuildPhase;
			buildActionMask = 2147483647;
			files = (
			);
			runOnlyForDeploymentPostprocessing = 0;
		};
		393320D128D27E89004B3122 /* Frameworks */ = {
			isa = PBXFrameworksBuildPhase;
			buildActionMask = 2147483647;
			files = (
			);
			runOnlyForDeploymentPostprocessing = 0;
		};
/* End PBXFrameworksBuildPhase section */

/* Begin PBXGroup section */
		393320AB28D27E88004B3122 = {
			isa = PBXGroup;
			children = (
				393320B628D27E88004B3122 /* projeto */,
				393320CD28D27E89004B3122 /* projetoTests */,
				393320D728D27E89004B3122 /* projetoUITests */,
				393320B528D27E88004B3122 /* Products */,
			);
			sourceTree = "<group>";
		};
		393320B528D27E88004B3122 /* Products */ = {
			isa = PBXGroup;
			children = (
				393320B428D27E88004B3122 /* projeto.app */,
				393320CA28D27E89004B3122 /* projetoTests.xctest */,
				393320D428D27E89004B3122 /* projetoUITests.xctest */,
			);
			name = Products;
			sourceTree = "<group>";
		};
		393320B628D27E88004B3122 /* projeto */ = {
			isa = PBXGroup;
			children = (
				393320B728D27E88004B3122 /* AppDelegate.swift */,
				393320B928D27E88004B3122 /* SceneDelegate.swift */,
				393320BB28D27E88004B3122 /* ViewController.swift */,
				393320BD28D27E88004B3122 /* Main.storyboard */,
				393320C028D27E89004B3122 /* Assets.xcassets */,
				393320C228D27E89004B3122 /* LaunchScreen.storyboard */,
				393320C528D27E89004B3122 /* Info.plist */,
			);
			path = projeto;
			sourceTree = "<group>";
		};
		393320CD28D27E89004B3122 /* projetoTests */ = {
			isa = PBXGroup;
			children = (
				393320CE28D27E89004B3122 /* projetoTests.swift */,
			);
			path = projetoTests;
			sourceTree = "<group>";
		};
		393320D728D27E89004B3122 /* projetoUITests */ = {
			isa = PBXGroup;
			children = (
				393320D828D27E89004B3122 /* projetoUITests.swift */,
				393320DA28D27E89004B3122 /* projetoUITestsLaunchTests.swift */,
			);
			path = projetoUITests;
			sourceTree = "<group>";
		};
/* End PBXGroup section */

/* Begin PBXNativeTarget section */
		393320B328D27E88004B3122 /* projeto */ = {
			isa = PBXNativeTarget;
			buildConfigurationList = 393320DE28D27E89004B3122 /* Build configuration list for PBXNativeTarget "projeto" */;
			buildPhases = (
				393320B028D27E88004B3122 /* Sources */,
				393320B128D27E88004B3122 /* Frameworks */,
				393320B228D27E88004B3122 /* Resources */,
			);
			buildRules = (
			);
			dependencies = (
			);
			name = projeto;
			productName = projeto;
			productReference = 393320B428D27E88004B3122 /* projeto.app */;
			productType = "com.apple.product-type.application";
		};
		393320C928D27E89004B3122 /* projetoTests */ = {
			isa = PBXNativeTarget;
			buildConfigurationList = 393320E128D27E89004B3122 /* Build configuration list for PBXNativeTarget "projetoTests" */;
			buildPhases = (
				393320C628D27E89004B3122 /* Sources */,
				393320C728D27E89004B3122 /* Frameworks */,
				393320C828D27E89004B3122 /* Resources */,
			);
			buildRules = (
			);
			dependencies = (
				393320CC28D27E89004B3122 /* PBXTargetDependency */,
			);
			name = projetoTests;
			productName = projetoTests;
			productReference = 393320CA28D27E89004B3122 /* projetoTests.xctest */;
			productType = "com.apple.product-type.bundle.unit-test";
		};
		393320D328D27E89004B3122 /* projetoUITests */ = {
			isa = PBXNativeTarget;
			buildConfigurationList = 393320E428D27E89004B3122 /* Build configuration list for PBXNativeTarget "projetoUITests" */;
			buildPhases = (
				393320D028D27E89004B3122 /* Sources */,
				393320D128D27E89004B3122 /* Frameworks */,
				393320D228D27E89004B3122 /* Resources */,
			);
			buildRules = (
			);
			dependencies = (
				393320D628D27E89004B3122 /* PBXTargetDependency */,
			);
			name = projetoUITests;
			productName = projetoUITests;
			productReference = 393320D428D27E89004B3122 /* projetoUITests.xctest */;
			productType = "com.apple.product-type.bundle.ui-testing";
		};
/* End PBXNativeTarget section */

/* Begin PBXProject section */
		393320AC28D27E88004B3122 /* Project object */ = {
			isa = PBXProject;
			attributes = {
				BuildIndependentTargetsInParallel = 1;
				LastSwiftUpdateCheck = 1340;
				LastUpgradeCheck = 1340;
				TargetAttributes = {
					393320B328D27E88004B3122 = {
						CreatedOnToolsVersion = 13.4.1;
					};
					393320C928D27E89004B3122 = {
						CreatedOnToolsVersion = 13.4.1;
						TestTargetID = 393320B328D27E88004B3122;
					};
					393320D328D27E89004B3122 = {
						CreatedOnToolsVersion = 13.4.1;
						TestTargetID = 393320B328D27E88004B3122;
					};
				};
			};
			buildConfigurationList = 393320AF28D27E88004B3122 /* Build configuration list for PBXProject "projeto" */;
			compatibilityVersion = "Xcode 13.0";
			developmentRegion = en;
			hasScannedForEncodings = 0;
			knownRegions = (
				en,
				Base,
			);
			mainGroup = 393320AB28D27E88004B3122;
			productRefGroup = 393320B528D27E88004B3122 /* Products */;
			projectDirPath = "";
			projectRoot = "";
			targets = (
				393320B328D27E88004B3122 /* projeto */,
				393320C928D27E89004B3122 /* projetoTests */,
				393320D328D27E89004B3122 /* projetoUITests */,
			);
		};
/* End PBXProject section */

/* Begin PBXResourcesBuildPhase section */
		393320B228D27E88004B3122 /* Resources */ = {
			isa = PBXResourcesBuildPhase;
			buildActionMask = 2147483647;
			files = (
				393320C428D27E89004B3122 /* LaunchScreen.storyboard in Resources */,
				393320C128D27E89004B3122 /* Assets.xcassets in Resources */,
				393320BF28D27E88004B3122 /* Main.storyboard in Resources */,
			);
			runOnlyForDeploymentPostprocessing = 0;
		};
		393320C828D27E89004B3122 /* Resources */ = {
			isa = PBXResourcesBuildPhase;
			buildActionMask = 2147483647;
			files = (
			);
			runOnlyForDeploymentPostprocessing = 0;
		};
		393320D228D27E89004B3122 /* Resources */ = {
			isa = PBXResourcesBuildPhase;
			buildActionMask = 2147483647;
			files = (
			);
			runOnlyForDeploymentPostprocessing = 0;
		};
/* End PBXResourcesBuildPhase section */

/* Begin PBXSourcesBuildPhase section */
		393320B028D27E88004B3122 /* Sources */ = {
			isa = PBXSourcesBuildPhase;
			buildActionMask = 2147483647;
			files = (
				393320BC28D27E88004B3122 /* ViewController.swift in Sources */,
				393320B828D27E88004B3122 /* AppDelegate.swift in Sources */,
				393320BA28D27E88004B3122 /* SceneDelegate.swift in Sources */,
			);
			runOnlyForDeploymentPostprocessing = 0;
		};
		393320C628D27E89004B3122 /* Sources */ = {
			isa = PBXSourcesBuildPhase;
			buildActionMask = 2147483647;
			files = (
				393320CF28D27E89004B3122 /* projetoTests.swift in Sources */,
			);
			runOnlyForDeploymentPostprocessing = 0;
		};
		393320D028D27E89004B3122 /* Sources */ = {
			isa = PBXSourcesBuildPhase;
			buildActionMask = 2147483647;
			files = (
				393320DB28D27E89004B3122 /* projetoUITestsLaunchTests.swift in Sources */,
				393320D928D27E89004B3122 /* projetoUITests.swift in Sources */,
			);
			runOnlyForDeploymentPostprocessing = 0;
		};
/* End PBXSourcesBuildPhase section */

/* Begin PBXTargetDependency section */
		393320CC28D27E89004B3122 /* PBXTargetDependency */ = {
			isa = PBXTargetDependency;
			target = 393320B328D27E88004B3122 /* projeto */;
			targetProxy = 393320CB28D27E89004B3122 /* PBXContainerItemProxy */;
		};
		393320D628D27E89004B3122 /* PBXTargetDependency */ = {
			isa = PBXTargetDependency;
			target = 393320B328D27E88004B3122 /* projeto */;
			targetProxy = 393320D528D27E89004B3122 /* PBXContainerItemProxy */;
		};
/* End PBXTargetDependency section */

/* Begin PBXVariantGroup section */
		393320BD28D27E88004B3122 /* Main.storyboard */ = {
			isa = PBXVariantGroup;
			children = (
				393320BE28D27E88004B3122 /* Base */,
			);
			name = Main.storyboard;
			sourceTree = "<group>";
		};
		393320C228D27E89004B3122 /* LaunchScreen.storyboard */ = {
			isa = PBXVariantGroup;
			children = (
				393320C328D27E89004B3122 /* Base */,
			);
			name = LaunchScreen.storyboard;
			sourceTree = "<group>";
		};
/* End PBXVariantGroup section */

/* Begin XCBuildConfiguration section */
		393320DC28D27E89004B3122 /* Debug */ = {
			isa = XCBuildConfiguration;
			buildSettings = {
				ALWAYS_SEARCH_USER_PATHS = NO;
				CLANG_ANALYZER_NONNULL = YES;
				CLANG_ANALYZER_NUMBER_OBJECT_CONVERSION = YES_AGGRESSIVE;
				CLANG_CXX_LANGUAGE_STANDARD = "gnu++17";
				CLANG_ENABLE_MODULES = YES;
				CLANG_ENABLE_OBJC_ARC = YES;
				CLANG_ENABLE_OBJC_WEAK = YES;
				CLANG_WARN_BLOCK_CAPTURE_AUTORELEASING = YES;
				CLANG_WARN_BOOL_CONVERSION = YES;
				CLANG_WARN_COMMA = YES;
				CLANG_WARN_CONSTANT_CONVERSION = YES;
				CLANG_WARN_DEPRECATED_OBJC_IMPLEMENTATIONS = YES;
				CLANG_WARN_DIRECT_OBJC_ISA_USAGE = YES_ERROR;
				CLANG_WARN_DOCUMENTATION_COMMENTS = YES;
				CLANG_WARN_EMPTY_BODY = YES;
				CLANG_WARN_ENUM_CONVERSION = YES;
				CLANG_WARN_INFINITE_RECURSION = YES;
				CLANG_WARN_INT_CONVERSION = YES;
				CLANG_WARN_NON_LITERAL_NULL_CONVERSION = YES;
				CLANG_WARN_OBJC_IMPLICIT_RETAIN_SELF = YES;
				CLANG_WARN_OBJC_LITERAL_CONVERSION = YES;
				CLANG_WARN_OBJC_ROOT_CLASS = YES_ERROR;
				CLANG_WARN_QUOTED_INCLUDE_IN_FRAMEWORK_HEADER = YES;
				CLANG_WARN_RANGE_LOOP_ANALYSIS = YES;
				CLANG_WARN_STRICT_PROTOTYPES = YES;
				CLANG_WARN_SUSPICIOUS_MOVE = YES;
				CLANG_WARN_UNGUARDED_AVAILABILITY = YES_AGGRESSIVE;
				CLANG_WARN_UNREACHABLE_CODE = YES;
				CLANG_WARN__DUPLICATE_METHOD_MATCH = YES;
				COPY_PHASE_STRIP = NO;
				DEBUG_INFORMATION_FORMAT = dwarf;
				ENABLE_STRICT_OBJC_MSGSEND = YES;
				ENABLE_TESTABILITY = YES;
				GCC_C_LANGUAGE_STANDARD = gnu11;
				GCC_DYNAMIC_NO_PIC = NO;
				GCC_NO_COMMON_BLOCKS = YES;
				GCC_OPTIMIZATION_LEVEL = 0;
				GCC_PREPROCESSOR_DEFINITIONS = (
					"DEBUG=1",
					"$(inherited)",
				);
				GCC_WARN_64_TO_32_BIT_CONVERSION = YES;
				GCC_WARN_ABOUT_RETURN_TYPE = YES_ERROR;
				GCC_WARN_UNDECLARED_SELECTOR = YES;
				GCC_WARN_UNINITIALIZED_AUTOS = YES_AGGRESSIVE;
				GCC_WARN_UNUSED_FUNCTION = YES;
				GCC_WARN_UNUSED_VARIABLE = YES;
				IPHONEOS_DEPLOYMENT_TARGET = 15.5;
				MTL_ENABLE_DEBUG_INFO = INCLUDE_SOURCE;
				MTL_FAST_MATH = YES;
				ONLY_ACTIVE_ARCH = YES;
				SDKROOT = iphoneos;
				SWIFT_ACTIVE_COMPILATION_CONDITIONS = DEBUG;
				SWIFT_OPTIMIZATION_LEVEL = "-Onone";
			};
			name = Debug;
		};
		393320DD28D27E89004B3122 /* Release */ = {
			isa = XCBuildConfiguration;
			buildSettings = {
				ALWAYS_SEARCH_USER_PATHS = NO;
				CLANG_ANALYZER_NONNULL = YES;
				CLANG_ANALYZER_NUMBER_OBJECT_CONVERSION = YES_AGGRESSIVE;
				CLANG_CXX_LANGUAGE_STANDARD = "gnu++17";
				CLANG_ENABLE_MODULES = YES;
				CLANG_ENABLE_OBJC_ARC = YES;
				CLANG_ENABLE_OBJC_WEAK = YES;
				CLANG_WARN_BLOCK_CAPTURE_AUTORELEASING = YES;
				CLANG_WARN_BOOL_CONVERSION = YES;
				CLANG_WARN_COMMA = YES;
				CLANG_WARN_CONSTANT_CONVERSION = YES;
				CLANG_WARN_DEPRECATED_OBJC_IMPLEMENTATIONS = YES;
				CLANG_WARN_DIRECT_OBJC_ISA_USAGE = YES_ERROR;
				CLANG_WARN_DOCUMENTATION_COMMENTS = YES;
				CLANG_WARN_EMPTY_BODY = YES;
				CLANG_WARN_ENUM_CONVERSION = YES;
				CLANG_WARN_INFINITE_RECURSION = YES;
				CLANG_WARN_INT_CONVERSION = YES;
				CLANG_WARN_NON_LITERAL_NULL_CONVERSION = YES;
				CLANG_WARN_OBJC_IMPLICIT_RETAIN_SELF = YES;
				CLANG_WARN_OBJC_LITERAL_CONVERSION = YES;
				CLANG_WARN_OBJC_ROOT_CLASS = YES_ERROR;
				CLANG_WARN_QUOTED_INCLUDE_IN_FRAMEWORK_HEADER = YES;
				CLANG_WARN_RANGE_LOOP_ANALYSIS = YES;
				CLANG_WARN_STRICT_PROTOTYPES = YES;
				CLANG_WARN_SUSPICIOUS_MOVE = YES;
				CLANG_WARN_UNGUARDED_AVAILABILITY = YES_AGGRESSIVE;
				CLANG_WARN_UNREACHABLE_CODE = YES;
				CLANG_WARN__DUPLICATE_METHOD_MATCH = YES;
				COPY_PHASE_STRIP = NO;
				DEBUG_INFORMATION_FORMAT = "dwarf-with-dsym";
				ENABLE_NS_ASSERTIONS = NO;
				ENABLE_STRICT_OBJC_MSGSEND = YES;
				GCC_C_LANGUAGE_STANDARD = gnu11;
				GCC_NO_COMMON_BLOCKS = YES;
				GCC_WARN_64_TO_32_BIT_CONVERSION = YES;
				GCC_WARN_ABOUT_RETURN_TYPE = YES_ERROR;
				GCC_WARN_UNDECLARED_SELECTOR = YES;
				GCC_WARN_UNINITIALIZED_AUTOS = YES_AGGRESSIVE;
				GCC_WARN_UNUSED_FUNCTION = YES;
				GCC_WARN_UNUSED_VARIABLE = YES;
				IPHONEOS_DEPLOYMENT_TARGET = 15.5;
				MTL_ENABLE_DEBUG_INFO = NO;
				MTL_FAST_MATH = YES;
				SDKROOT = iphoneos;
				SWIFT_COMPILATION_MODE = wholemodule;
				SWIFT_OPTIMIZATION_LEVEL = "-O";
				VALIDATE_PRODUCT = YES;
			};
			name = Release;
		};
		393320DF28D27E89004B3122 /* Debug */ = {
			isa = XCBuildConfiguration;
			buildSettings = {
				ASSETCATALOG_COMPILER_APPICON_NAME = AppIcon;
				ASSETCATALOG_COMPILER_GLOBAL_ACCENT_COLOR_NAME = AccentColor;
				CODE_SIGN_STYLE = Automatic;
				CURRENT_PROJECT_VERSION = 1;
				GENERATE_INFOPLIST_FILE = YES;
				INFOPLIST_FILE = projeto/Info.plist;
				INFOPLIST_KEY_UIApplicationSupportsIndirectInputEvents = YES;
				INFOPLIST_KEY_UILaunchStoryboardName = LaunchScreen;
				INFOPLIST_KEY_UIMainStoryboardFile = Main;
				INFOPLIST_KEY_UISupportedInterfaceOrientations_iPad = "UIInterfaceOrientationPortrait UIInterfaceOrientationPortraitUpsideDown UIInterfaceOrientationLandscapeLeft UIInterfaceOrientationLandscapeRight";
				INFOPLIST_KEY_UISupportedInterfaceOrientations_iPhone = "UIInterfaceOrientationPortrait UIInterfaceOrientationLandscapeLeft UIInterfaceOrientationLandscapeRight";
				LD_RUNPATH_SEARCH_PATHS = (
					"$(inherited)",
					"@executable_path/Frameworks",
				);
				MARKETING_VERSION = 1.0;
				PRODUCT_BUNDLE_IDENTIFIER = com.Diego.projeto;
				PRODUCT_NAME = "$(TARGET_NAME)";
				SWIFT_EMIT_LOC_STRINGS = YES;
				SWIFT_VERSION = 5.0;
				TARGETED_DEVICE_FAMILY = "1,2";
			};
			name = Debug;
		};
		393320E028D27E89004B3122 /* Release */ = {
			isa = XCBuildConfiguration;
			buildSettings = {
				ASSETCATALOG_COMPILER_APPICON_NAME = AppIcon;
				ASSETCATALOG_COMPILER_GLOBAL_ACCENT_COLOR_NAME = AccentColor;
				CODE_SIGN_STYLE = Automatic;
				CURRENT_PROJECT_VERSION = 1;
				GENERATE_INFOPLIST_FILE = YES;
				INFOPLIST_FILE = projeto/Info.plist;
				INFOPLIST_KEY_UIApplicationSupportsIndirectInputEvents = YES;
				INFOPLIST_KEY_UILaunchStoryboardName = LaunchScreen;
				INFOPLIST_KEY_UIMainStoryboardFile = Main;
				INFOPLIST_KEY_UISupportedInterfaceOrientations_iPad = "UIInterfaceOrientationPortrait UIInterfaceOrientationPortraitUpsideDown UIInterfaceOrientationLandscapeLeft UIInterfaceOrientationLandscapeRight";
				INFOPLIST_KEY_UISupportedInterfaceOrientations_iPhone = "UIInterfaceOrientationPortrait UIInterfaceOrientationLandscapeLeft UIInterfaceOrientationLandscapeRight";
				LD_RUNPATH_SEARCH_PATHS = (
					"$(inherited)",
					"@executable_path/Frameworks",
				);
				MARKETING_VERSION = 1.0;
				PRODUCT_BUNDLE_IDENTIFIER = com.Diego.projeto;
				PRODUCT_NAME = "$(TARGET_NAME)";
				SWIFT_EMIT_LOC_STRINGS = YES;
				SWIFT_VERSION = 5.0;
				TARGETED_DEVICE_FAMILY = "1,2";
			};
			name = Release;
		};
		393320E228D27E89004B3122 /* Debug */ = {
			isa = XCBuildConfiguration;
			buildSettings = {
				ALWAYS_EMBED_SWIFT_STANDARD_LIBRARIES = YES;
				BUNDLE_LOADER = "$(TEST_HOST)";
				CODE_SIGN_STYLE = Automatic;
				CURRENT_PROJECT_VERSION = 1;
				GENERATE_INFOPLIST_FILE = YES;
				IPHONEOS_DEPLOYMENT_TARGET = 15.5;
				MARKETING_VERSION = 1.0;
				PRODUCT_BUNDLE_IDENTIFIER = com.Diego.projetoTests;
				PRODUCT_NAME = "$(TARGET_NAME)";
				SWIFT_EMIT_LOC_STRINGS = NO;
				SWIFT_VERSION = 5.0;
				TARGETED_DEVICE_FAMILY = "1,2";
				TEST_HOST = "$(BUILT_PRODUCTS_DIR)/projeto.app/projeto";
			};
			name = Debug;
		};
		393320E328D27E89004B3122 /* Release */ = {
			isa = XCBuildConfiguration;
			buildSettings = {
				ALWAYS_EMBED_SWIFT_STANDARD_LIBRARIES = YES;
				BUNDLE_LOADER = "$(TEST_HOST)";
				CODE_SIGN_STYLE = Automatic;
				CURRENT_PROJECT_VERSION = 1;
				GENERATE_INFOPLIST_FILE = YES;
				IPHONEOS_DEPLOYMENT_TARGET = 15.5;
				MARKETING_VERSION = 1.0;
				PRODUCT_BUNDLE_IDENTIFIER = com.Diego.projetoTests;
				PRODUCT_NAME = "$(TARGET_NAME)";
				SWIFT_EMIT_LOC_STRINGS = NO;
				SWIFT_VERSION = 5.0;
				TARGETED_DEVICE_FAMILY = "1,2";
				TEST_HOST = "$(BUILT_PRODUCTS_DIR)/projeto.app/projeto";
			};
			name = Release;
		};
		393320E528D27E89004B3122 /* Debug */ = {
			isa = XCBuildConfiguration;
			buildSettings = {
				ALWAYS_EMBED_SWIFT_STANDARD_LIBRARIES = YES;
				CODE_SIGN_STYLE = Automatic;
				CURRENT_PROJECT_VERSION = 1;
				GENERATE_INFOPLIST_FILE = YES;
				MARKETING_VERSION = 1.0;
				PRODUCT_BUNDLE_IDENTIFIER = com.Diego.projetoUITests;
				PRODUCT_NAME = "$(TARGET_NAME)";
				SWIFT_EMIT_LOC_STRINGS = NO;
				SWIFT_VERSION = 5.0;
				TARGETED_DEVICE_FAMILY = "1,2";
				TEST_TARGET_NAME = projeto;
			};
			name = Debug;
		};
		393320E628D27E89004B3122 /* Release */ = {
			isa = XCBuildConfiguration;
			buildSettings = {
				ALWAYS_EMBED_SWIFT_STANDARD_LIBRARIES = YES;
				CODE_SIGN_STYLE = Automatic;
				CURRENT_PROJECT_VERSION = 1;
				GENERATE_INFOPLIST_FILE = YES;
				MARKETING_VERSION = 1.0;
				PRODUCT_BUNDLE_IDENTIFIER = com.Diego.projetoUITests;
				PRODUCT_NAME = "$(TARGET_NAME)";
				SWIFT_EMIT_LOC_STRINGS = NO;
				SWIFT_VERSION = 5.0;
				TARGETED_DEVICE_FAMILY = "1,2";
				TEST_TARGET_NAME = projeto;
			};
			name = Release;
		};
/* End XCBuildConfiguration section */

/* Begin XCConfigurationList section */
		393320AF28D27E88004B3122 /* Build configuration list for PBXProject "projeto" */ = {
			isa = XCConfigurationList;
			buildConfigurations = (
				393320DC28D27E89004B3122 /* Debug */,
				393320DD28D27E89004B3122 /* Release */,
			);
			defaultConfigurationIsVisible = 0;
			defaultConfigurationName = Release;
		};
		393320DE28D27E89004B3122 /* Build configuration list for PBXNativeTarget "projeto" */ = {
			isa = XCConfigurationList;
			buildConfigurations = (
				393320DF28D27E89004B3122 /* Debug */,
				393320E028D27E89004B3122 /* Release */,
			);
			defaultConfigurationIsVisible = 0;
			defaultConfigurationName = Release;
		};
		393320E128D27E89004B3122 /* Build configuration list for PBXNativeTarget "projetoTests" */ = {
			isa = XCConfigurationList;
			buildConfigurations = (
				393320E228D27E89004B3122 /* Debug */,
				393320E328D27E89004B3122 /* Release */,
			);
			defaultConfigurationIsVisible = 0;
			defaultConfigurationName = Release;
		};
		393320E428D27E89004B3122 /* Build configuration list for PBXNativeTarget "projetoUITests" */ = {
			isa = XCConfigurationList;
			buildConfigurations = (
				393320E528D27E89004B3122 /* Debug */,
				393320E628D27E89004B3122 /* Release */,
			);
			defaultConfigurationIsVisible = 0;
			defaultConfigurationName = Release;
		};
/* End XCConfigurationList section */
	};
	rootObject = 393320AC28D27E88004B3122 /* Project object */;
}
