// !$*UTF8*$!
{
	archiveVersion = 1;
	classes = {
	};
	objectVersion = 55;
	objects = {

/* Begin PBXBuildFile section */
		39D92F1C28C00C0B00BC79CE /* AppDelegate.swift in Sources */ = {isa = PBXBuildFile; fileRef = 39D92F1B28C00C0B00BC79CE /* AppDelegate.swift */; };
		39D92F1E28C00C0B00BC79CE /* SceneDelegate.swift in Sources */ = {isa = PBXBuildFile; fileRef = 39D92F1D28C00C0B00BC79CE /* SceneDelegate.swift */; };
		39D92F2028C00C0B00BC79CE /* ViewController.swift in Sources */ = {isa = PBXBuildFile; fileRef = 39D92F1F28C00C0B00BC79CE /* ViewController.swift */; };
		39D92F2328C00C0B00BC79CE /* Main.storyboard in Resources */ = {isa = PBXBuildFile; fileRef = 39D92F2128C00C0B00BC79CE /* Main.storyboard */; };
		39D92F2528C00C0D00BC79CE /* Assets.xcassets in Resources */ = {isa = PBXBuildFile; fileRef = 39D92F2428C00C0D00BC79CE /* Assets.xcassets */; };
		39D92F2828C00C0D00BC79CE /* LaunchScreen.storyboard in Resources */ = {isa = PBXBuildFile; fileRef = 39D92F2628C00C0D00BC79CE /* LaunchScreen.storyboard */; };
		39D92F3328C00C0D00BC79CE /* AutoLayoutTests.swift in Sources */ = {isa = PBXBuildFile; fileRef = 39D92F3228C00C0D00BC79CE /* AutoLayoutTests.swift */; };
		39D92F3D28C00C0D00BC79CE /* AutoLayoutUITests.swift in Sources */ = {isa = PBXBuildFile; fileRef = 39D92F3C28C00C0D00BC79CE /* AutoLayoutUITests.swift */; };
		39D92F3F28C00C0D00BC79CE /* AutoLayoutUITestsLaunchTests.swift in Sources */ = {isa = PBXBuildFile; fileRef = 39D92F3E28C00C0D00BC79CE /* AutoLayoutUITestsLaunchTests.swift */; };
/* End PBXBuildFile section */

/* Begin PBXContainerItemProxy section */
		39D92F2F28C00C0D00BC79CE /* PBXContainerItemProxy */ = {
			isa = PBXContainerItemProxy;
			containerPortal = 39D92F1028C00C0B00BC79CE /* Project object */;
			proxyType = 1;
			remoteGlobalIDString = 39D92F1728C00C0B00BC79CE;
			remoteInfo = AutoLayout;
		};
		39D92F3928C00C0D00BC79CE /* PBXContainerItemProxy */ = {
			isa = PBXContainerItemProxy;
			containerPortal = 39D92F1028C00C0B00BC79CE /* Project object */;
			proxyType = 1;
			remoteGlobalIDString = 39D92F1728C00C0B00BC79CE;
			remoteInfo = AutoLayout;
		};
/* End PBXContainerItemProxy section */

/* Begin PBXFileReference section */
		39D92F1828C00C0B00BC79CE /* AutoLayout.app */ = {isa = PBXFileReference; explicitFileType = wrapper.application; includeInIndex = 0; path = AutoLayout.app; sourceTree = BUILT_PRODUCTS_DIR; };
		39D92F1B28C00C0B00BC79CE /* AppDelegate.swift */ = {isa = PBXFileReference; lastKnownFileType = sourcecode.swift; path = AppDelegate.swift; sourceTree = "<group>"; };
		39D92F1D28C00C0B00BC79CE /* SceneDelegate.swift */ = {isa = PBXFileReference; lastKnownFileType = sourcecode.swift; path = SceneDelegate.swift; sourceTree = "<group>"; };
		39D92F1F28C00C0B00BC79CE /* ViewController.swift */ = {isa = PBXFileReference; lastKnownFileType = sourcecode.swift; path = ViewController.swift; sourceTree = "<group>"; };
		39D92F2228C00C0B00BC79CE /* Base */ = {isa = PBXFileReference; lastKnownFileType = file.storyboard; name = Base; path = Base.lproj/Main.storyboard; sourceTree = "<group>"; };
		39D92F2428C00C0D00BC79CE /* Assets.xcassets */ = {isa = PBXFileReference; lastKnownFileType = folder.assetcatalog; path = Assets.xcassets; sourceTree = "<group>"; };
		39D92F2728C00C0D00BC79CE /* Base */ = {isa = PBXFileReference; lastKnownFileType = file.storyboard; name = Base; path = Base.lproj/LaunchScreen.storyboard; sourceTree = "<group>"; };
		39D92F2928C00C0D00BC79CE /* Info.plist */ = {isa = PBXFileReference; lastKnownFileType = text.plist.xml; path = Info.plist; sourceTree = "<group>"; };
		39D92F2E28C00C0D00BC79CE /* AutoLayoutTests.xctest */ = {isa = PBXFileReference; explicitFileType = wrapper.cfbundle; includeInIndex = 0; path = AutoLayoutTests.xctest; sourceTree = BUILT_PRODUCTS_DIR; };
		39D92F3228C00C0D00BC79CE /* AutoLayoutTests.swift */ = {isa = PBXFileReference; lastKnownFileType = sourcecode.swift; path = AutoLayoutTests.swift; sourceTree = "<group>"; };
		39D92F3828C00C0D00BC79CE /* AutoLayoutUITests.xctest */ = {isa = PBXFileReference; explicitFileType = wrapper.cfbundle; includeInIndex = 0; path = AutoLayoutUITests.xctest; sourceTree = BUILT_PRODUCTS_DIR; };
		39D92F3C28C00C0D00BC79CE /* AutoLayoutUITests.swift */ = {isa = PBXFileReference; lastKnownFileType = sourcecode.swift; path = AutoLayoutUITests.swift; sourceTree = "<group>"; };
		39D92F3E28C00C0D00BC79CE /* AutoLayoutUITestsLaunchTests.swift */ = {isa = PBXFileReference; lastKnownFileType = sourcecode.swift; path = AutoLayoutUITestsLaunchTests.swift; sourceTree = "<group>"; };
/* End PBXFileReference section */

/* Begin PBXFrameworksBuildPhase section */
		39D92F1528C00C0B00BC79CE /* Frameworks */ = {
			isa = PBXFrameworksBuildPhase;
			buildActionMask = 2147483647;
			files = (
			);
			runOnlyForDeploymentPostprocessing = 0;
		};
		39D92F2B28C00C0D00BC79CE /* Frameworks */ = {
			isa = PBXFrameworksBuildPhase;
			buildActionMask = 2147483647;
			files = (
			);
			runOnlyForDeploymentPostprocessing = 0;
		};
		39D92F3528C00C0D00BC79CE /* Frameworks */ = {
			isa = PBXFrameworksBuildPhase;
			buildActionMask = 2147483647;
			files = (
			);
			runOnlyForDeploymentPostprocessing = 0;
		};
/* End PBXFrameworksBuildPhase section */

/* Begin PBXGroup section */
		39D92F0F28C00C0B00BC79CE = {
			isa = PBXGroup;
			children = (
				39D92F1A28C00C0B00BC79CE /* AutoLayout */,
				39D92F3128C00C0D00BC79CE /* AutoLayoutTests */,
				39D92F3B28C00C0D00BC79CE /* AutoLayoutUITests */,
				39D92F1928C00C0B00BC79CE /* Products */,
			);
			sourceTree = "<group>";
		};
		39D92F1928C00C0B00BC79CE /* Products */ = {
			isa = PBXGroup;
			children = (
				39D92F1828C00C0B00BC79CE /* AutoLayout.app */,
				39D92F2E28C00C0D00BC79CE /* AutoLayoutTests.xctest */,
				39D92F3828C00C0D00BC79CE /* AutoLayoutUITests.xctest */,
			);
			name = Products;
			sourceTree = "<group>";
		};
		39D92F1A28C00C0B00BC79CE /* AutoLayout */ = {
			isa = PBXGroup;
			children = (
				39D92F1B28C00C0B00BC79CE /* AppDelegate.swift */,
				39D92F1D28C00C0B00BC79CE /* SceneDelegate.swift */,
				39D92F1F28C00C0B00BC79CE /* ViewController.swift */,
				39D92F2128C00C0B00BC79CE /* Main.storyboard */,
				39D92F2428C00C0D00BC79CE /* Assets.xcassets */,
				39D92F2628C00C0D00BC79CE /* LaunchScreen.storyboard */,
				39D92F2928C00C0D00BC79CE /* Info.plist */,
			);
			path = AutoLayout;
			sourceTree = "<group>";
		};
		39D92F3128C00C0D00BC79CE /* AutoLayoutTests */ = {
			isa = PBXGroup;
			children = (
				39D92F3228C00C0D00BC79CE /* AutoLayoutTests.swift */,
			);
			path = AutoLayoutTests;
			sourceTree = "<group>";
		};
		39D92F3B28C00C0D00BC79CE /* AutoLayoutUITests */ = {
			isa = PBXGroup;
			children = (
				39D92F3C28C00C0D00BC79CE /* AutoLayoutUITests.swift */,
				39D92F3E28C00C0D00BC79CE /* AutoLayoutUITestsLaunchTests.swift */,
			);
			path = AutoLayoutUITests;
			sourceTree = "<group>";
		};
/* End PBXGroup section */

/* Begin PBXNativeTarget section */
		39D92F1728C00C0B00BC79CE /* AutoLayout */ = {
			isa = PBXNativeTarget;
			buildConfigurationList = 39D92F4228C00C0D00BC79CE /* Build configuration list for PBXNativeTarget "AutoLayout" */;
			buildPhases = (
				39D92F1428C00C0B00BC79CE /* Sources */,
				39D92F1528C00C0B00BC79CE /* Frameworks */,
				39D92F1628C00C0B00BC79CE /* Resources */,
			);
			buildRules = (
			);
			dependencies = (
			);
			name = AutoLayout;
			productName = AutoLayout;
			productReference = 39D92F1828C00C0B00BC79CE /* AutoLayout.app */;
			productType = "com.apple.product-type.application";
		};
		39D92F2D28C00C0D00BC79CE /* AutoLayoutTests */ = {
			isa = PBXNativeTarget;
			buildConfigurationList = 39D92F4528C00C0D00BC79CE /* Build configuration list for PBXNativeTarget "AutoLayoutTests" */;
			buildPhases = (
				39D92F2A28C00C0D00BC79CE /* Sources */,
				39D92F2B28C00C0D00BC79CE /* Frameworks */,
				39D92F2C28C00C0D00BC79CE /* Resources */,
			);
			buildRules = (
			);
			dependencies = (
				39D92F3028C00C0D00BC79CE /* PBXTargetDependency */,
			);
			name = AutoLayoutTests;
			productName = AutoLayoutTests;
			productReference = 39D92F2E28C00C0D00BC79CE /* AutoLayoutTests.xctest */;
			productType = "com.apple.product-type.bundle.unit-test";
		};
		39D92F3728C00C0D00BC79CE /* AutoLayoutUITests */ = {
			isa = PBXNativeTarget;
			buildConfigurationList = 39D92F4828C00C0D00BC79CE /* Build configuration list for PBXNativeTarget "AutoLayoutUITests" */;
			buildPhases = (
				39D92F3428C00C0D00BC79CE /* Sources */,
				39D92F3528C00C0D00BC79CE /* Frameworks */,
				39D92F3628C00C0D00BC79CE /* Resources */,
			);
			buildRules = (
			);
			dependencies = (
				39D92F3A28C00C0D00BC79CE /* PBXTargetDependency */,
			);
			name = AutoLayoutUITests;
			productName = AutoLayoutUITests;
			productReference = 39D92F3828C00C0D00BC79CE /* AutoLayoutUITests.xctest */;
			productType = "com.apple.product-type.bundle.ui-testing";
		};
/* End PBXNativeTarget section */

/* Begin PBXProject section */
		39D92F1028C00C0B00BC79CE /* Project object */ = {
			isa = PBXProject;
			attributes = {
				BuildIndependentTargetsInParallel = 1;
				LastSwiftUpdateCheck = 1340;
				LastUpgradeCheck = 1340;
				TargetAttributes = {
					39D92F1728C00C0B00BC79CE = {
						CreatedOnToolsVersion = 13.4.1;
					};
					39D92F2D28C00C0D00BC79CE = {
						CreatedOnToolsVersion = 13.4.1;
						TestTargetID = 39D92F1728C00C0B00BC79CE;
					};
					39D92F3728C00C0D00BC79CE = {
						CreatedOnToolsVersion = 13.4.1;
						TestTargetID = 39D92F1728C00C0B00BC79CE;
					};
				};
			};
			buildConfigurationList = 39D92F1328C00C0B00BC79CE /* Build configuration list for PBXProject "AutoLayout" */;
			compatibilityVersion = "Xcode 13.0";
			developmentRegion = en;
			hasScannedForEncodings = 0;
			knownRegions = (
				en,
				Base,
			);
			mainGroup = 39D92F0F28C00C0B00BC79CE;
			productRefGroup = 39D92F1928C00C0B00BC79CE /* Products */;
			projectDirPath = "";
			projectRoot = "";
			targets = (
				39D92F1728C00C0B00BC79CE /* AutoLayout */,
				39D92F2D28C00C0D00BC79CE /* AutoLayoutTests */,
				39D92F3728C00C0D00BC79CE /* AutoLayoutUITests */,
			);
		};
/* End PBXProject section */

/* Begin PBXResourcesBuildPhase section */
		39D92F1628C00C0B00BC79CE /* Resources */ = {
			isa = PBXResourcesBuildPhase;
			buildActionMask = 2147483647;
			files = (
				39D92F2828C00C0D00BC79CE /* LaunchScreen.storyboard in Resources */,
				39D92F2528C00C0D00BC79CE /* Assets.xcassets in Resources */,
				39D92F2328C00C0B00BC79CE /* Main.storyboard in Resources */,
			);
			runOnlyForDeploymentPostprocessing = 0;
		};
		39D92F2C28C00C0D00BC79CE /* Resources */ = {
			isa = PBXResourcesBuildPhase;
			buildActionMask = 2147483647;
			files = (
			);
			runOnlyForDeploymentPostprocessing = 0;
		};
		39D92F3628C00C0D00BC79CE /* Resources */ = {
			isa = PBXResourcesBuildPhase;
			buildActionMask = 2147483647;
			files = (
			);
			runOnlyForDeploymentPostprocessing = 0;
		};
/* End PBXResourcesBuildPhase section */

/* Begin PBXSourcesBuildPhase section */
		39D92F1428C00C0B00BC79CE /* Sources */ = {
			isa = PBXSourcesBuildPhase;
			buildActionMask = 2147483647;
			files = (
				39D92F2028C00C0B00BC79CE /* ViewController.swift in Sources */,
				39D92F1C28C00C0B00BC79CE /* AppDelegate.swift in Sources */,
				39D92F1E28C00C0B00BC79CE /* SceneDelegate.swift in Sources */,
			);
			runOnlyForDeploymentPostprocessing = 0;
		};
		39D92F2A28C00C0D00BC79CE /* Sources */ = {
			isa = PBXSourcesBuildPhase;
			buildActionMask = 2147483647;
			files = (
				39D92F3328C00C0D00BC79CE /* AutoLayoutTests.swift in Sources */,
			);
			runOnlyForDeploymentPostprocessing = 0;
		};
		39D92F3428C00C0D00BC79CE /* Sources */ = {
			isa = PBXSourcesBuildPhase;
			buildActionMask = 2147483647;
			files = (
				39D92F3D28C00C0D00BC79CE /* AutoLayoutUITests.swift in Sources */,
				39D92F3F28C00C0D00BC79CE /* AutoLayoutUITestsLaunchTests.swift in Sources */,
			);
			runOnlyForDeploymentPostprocessing = 0;
		};
/* End PBXSourcesBuildPhase section */

/* Begin PBXTargetDependency section */
		39D92F3028C00C0D00BC79CE /* PBXTargetDependency */ = {
			isa = PBXTargetDependency;
			target = 39D92F1728C00C0B00BC79CE /* AutoLayout */;
			targetProxy = 39D92F2F28C00C0D00BC79CE /* PBXContainerItemProxy */;
		};
		39D92F3A28C00C0D00BC79CE /* PBXTargetDependency */ = {
			isa = PBXTargetDependency;
			target = 39D92F1728C00C0B00BC79CE /* AutoLayout */;
			targetProxy = 39D92F3928C00C0D00BC79CE /* PBXContainerItemProxy */;
		};
/* End PBXTargetDependency section */

/* Begin PBXVariantGroup section */
		39D92F2128C00C0B00BC79CE /* Main.storyboard */ = {
			isa = PBXVariantGroup;
			children = (
				39D92F2228C00C0B00BC79CE /* Base */,
			);
			name = Main.storyboard;
			sourceTree = "<group>";
		};
		39D92F2628C00C0D00BC79CE /* LaunchScreen.storyboard */ = {
			isa = PBXVariantGroup;
			children = (
				39D92F2728C00C0D00BC79CE /* Base */,
			);
			name = LaunchScreen.storyboard;
			sourceTree = "<group>";
		};
/* End PBXVariantGroup section */

/* Begin XCBuildConfiguration section */
		39D92F4028C00C0D00BC79CE /* Debug */ = {
			isa = XCBuildConfiguration;
			buildSettings = {
				ALWAYS_SEARCH_USER_PATHS = NO;
				CLANG_ANALYZER_NONNULL = YES;
				CLANG_ANALYZER_NUMBER_OBJECT_CONVERSION = YES_AGGRESSIVE;
				CLANG_CXX_LANGUAGE_STANDARD = "gnu++17";
				CLANG_ENABLE_MODULES = YES;
				CLANG_ENABLE_OBJC_ARC = YES;
				CLANG_ENABLE_OBJC_WEAK = YES;
				CLANG_WARN_BLOCK_CAPTURE_AUTORELEASING = YES;
				CLANG_WARN_BOOL_CONVERSION = YES;
				CLANG_WARN_COMMA = YES;
				CLANG_WARN_CONSTANT_CONVERSION = YES;
				CLANG_WARN_DEPRECATED_OBJC_IMPLEMENTATIONS = YES;
				CLANG_WARN_DIRECT_OBJC_ISA_USAGE = YES_ERROR;
				CLANG_WARN_DOCUMENTATION_COMMENTS = YES;
				CLANG_WARN_EMPTY_BODY = YES;
				CLANG_WARN_ENUM_CONVERSION = YES;
				CLANG_WARN_INFINITE_RECURSION = YES;
				CLANG_WARN_INT_CONVERSION = YES;
				CLANG_WARN_NON_LITERAL_NULL_CONVERSION = YES;
				CLANG_WARN_OBJC_IMPLICIT_RETAIN_SELF = YES;
				CLANG_WARN_OBJC_LITERAL_CONVERSION = YES;
				CLANG_WARN_OBJC_ROOT_CLASS = YES_ERROR;
				CLANG_WARN_QUOTED_INCLUDE_IN_FRAMEWORK_HEADER = YES;
				CLANG_WARN_RANGE_LOOP_ANALYSIS = YES;
				CLANG_WARN_STRICT_PROTOTYPES = YES;
				CLANG_WARN_SUSPICIOUS_MOVE = YES;
				CLANG_WARN_UNGUARDED_AVAILABILITY = YES_AGGRESSIVE;
				CLANG_WARN_UNREACHABLE_CODE = YES;
				CLANG_WARN__DUPLICATE_METHOD_MATCH = YES;
				COPY_PHASE_STRIP = NO;
				DEBUG_INFORMATION_FORMAT = dwarf;
				ENABLE_STRICT_OBJC_MSGSEND = YES;
				ENABLE_TESTABILITY = YES;
				GCC_C_LANGUAGE_STANDARD = gnu11;
				GCC_DYNAMIC_NO_PIC = NO;
				GCC_NO_COMMON_BLOCKS = YES;
				GCC_OPTIMIZATION_LEVEL = 0;
				GCC_PREPROCESSOR_DEFINITIONS = (
					"DEBUG=1",
					"$(inherited)",
				);
				GCC_WARN_64_TO_32_BIT_CONVERSION = YES;
				GCC_WARN_ABOUT_RETURN_TYPE = YES_ERROR;
				GCC_WARN_UNDECLARED_SELECTOR = YES;
				GCC_WARN_UNINITIALIZED_AUTOS = YES_AGGRESSIVE;
				GCC_WARN_UNUSED_FUNCTION = YES;
				GCC_WARN_UNUSED_VARIABLE = YES;
				IPHONEOS_DEPLOYMENT_TARGET = 15.5;
				MTL_ENABLE_DEBUG_INFO = INCLUDE_SOURCE;
				MTL_FAST_MATH = YES;
				ONLY_ACTIVE_ARCH = YES;
				SDKROOT = iphoneos;
				SWIFT_ACTIVE_COMPILATION_CONDITIONS = DEBUG;
				SWIFT_OPTIMIZATION_LEVEL = "-Onone";
			};
			name = Debug;
		};
		39D92F4128C00C0D00BC79CE /* Release */ = {
			isa = XCBuildConfiguration;
			buildSettings = {
				ALWAYS_SEARCH_USER_PATHS = NO;
				CLANG_ANALYZER_NONNULL = YES;
				CLANG_ANALYZER_NUMBER_OBJECT_CONVERSION = YES_AGGRESSIVE;
				CLANG_CXX_LANGUAGE_STANDARD = "gnu++17";
				CLANG_ENABLE_MODULES = YES;
				CLANG_ENABLE_OBJC_ARC = YES;
				CLANG_ENABLE_OBJC_WEAK = YES;
				CLANG_WARN_BLOCK_CAPTURE_AUTORELEASING = YES;
				CLANG_WARN_BOOL_CONVERSION = YES;
				CLANG_WARN_COMMA = YES;
				CLANG_WARN_CONSTANT_CONVERSION = YES;
				CLANG_WARN_DEPRECATED_OBJC_IMPLEMENTATIONS = YES;
				CLANG_WARN_DIRECT_OBJC_ISA_USAGE = YES_ERROR;
				CLANG_WARN_DOCUMENTATION_COMMENTS = YES;
				CLANG_WARN_EMPTY_BODY = YES;
				CLANG_WARN_ENUM_CONVERSION = YES;
				CLANG_WARN_INFINITE_RECURSION = YES;
				CLANG_WARN_INT_CONVERSION = YES;
				CLANG_WARN_NON_LITERAL_NULL_CONVERSION = YES;
				CLANG_WARN_OBJC_IMPLICIT_RETAIN_SELF = YES;
				CLANG_WARN_OBJC_LITERAL_CONVERSION = YES;
				CLANG_WARN_OBJC_ROOT_CLASS = YES_ERROR;
				CLANG_WARN_QUOTED_INCLUDE_IN_FRAMEWORK_HEADER = YES;
				CLANG_WARN_RANGE_LOOP_ANALYSIS = YES;
				CLANG_WARN_STRICT_PROTOTYPES = YES;
				CLANG_WARN_SUSPICIOUS_MOVE = YES;
				CLANG_WARN_UNGUARDED_AVAILABILITY = YES_AGGRESSIVE;
				CLANG_WARN_UNREACHABLE_CODE = YES;
				CLANG_WARN__DUPLICATE_METHOD_MATCH = YES;
				COPY_PHASE_STRIP = NO;
				DEBUG_INFORMATION_FORMAT = "dwarf-with-dsym";
				ENABLE_NS_ASSERTIONS = NO;
				ENABLE_STRICT_OBJC_MSGSEND = YES;
				GCC_C_LANGUAGE_STANDARD = gnu11;
				GCC_NO_COMMON_BLOCKS = YES;
				GCC_WARN_64_TO_32_BIT_CONVERSION = YES;
				GCC_WARN_ABOUT_RETURN_TYPE = YES_ERROR;
				GCC_WARN_UNDECLARED_SELECTOR = YES;
				GCC_WARN_UNINITIALIZED_AUTOS = YES_AGGRESSIVE;
				GCC_WARN_UNUSED_FUNCTION = YES;
				GCC_WARN_UNUSED_VARIABLE = YES;
				IPHONEOS_DEPLOYMENT_TARGET = 15.5;
				MTL_ENABLE_DEBUG_INFO = NO;
				MTL_FAST_MATH = YES;
				SDKROOT = iphoneos;
				SWIFT_COMPILATION_MODE = wholemodule;
				SWIFT_OPTIMIZATION_LEVEL = "-O";
				VALIDATE_PRODUCT = YES;
			};
			name = Release;
		};
		39D92F4328C00C0D00BC79CE /* Debug */ = {
			isa = XCBuildConfiguration;
			buildSettings = {
				ASSETCATALOG_COMPILER_APPICON_NAME = AppIcon;
				ASSETCATALOG_COMPILER_GLOBAL_ACCENT_COLOR_NAME = AccentColor;
				CODE_SIGN_STYLE = Automatic;
				CURRENT_PROJECT_VERSION = 1;
				GENERATE_INFOPLIST_FILE = YES;
				INFOPLIST_FILE = AutoLayout/Info.plist;
				INFOPLIST_KEY_UIApplicationSupportsIndirectInputEvents = YES;
				INFOPLIST_KEY_UILaunchStoryboardName = LaunchScreen;
				INFOPLIST_KEY_UIMainStoryboardFile = Main;
				INFOPLIST_KEY_UISupportedInterfaceOrientations_iPad = "UIInterfaceOrientationPortrait UIInterfaceOrientationPortraitUpsideDown UIInterfaceOrientationLandscapeLeft UIInterfaceOrientationLandscapeRight";
				INFOPLIST_KEY_UISupportedInterfaceOrientations_iPhone = "UIInterfaceOrientationPortrait UIInterfaceOrientationLandscapeLeft UIInterfaceOrientationLandscapeRight";
				LD_RUNPATH_SEARCH_PATHS = (
					"$(inherited)",
					"@executable_path/Frameworks",
				);
				MARKETING_VERSION = 1.0;
				PRODUCT_BUNDLE_IDENTIFIER = diego.AutoLayout;
				PRODUCT_NAME = "$(TARGET_NAME)";
				SWIFT_EMIT_LOC_STRINGS = YES;
				SWIFT_VERSION = 5.0;
				TARGETED_DEVICE_FAMILY = "1,2";
			};
			name = Debug;
		};
		39D92F4428C00C0D00BC79CE /* Release */ = {
			isa = XCBuildConfiguration;
			buildSettings = {
				ASSETCATALOG_COMPILER_APPICON_NAME = AppIcon;
				ASSETCATALOG_COMPILER_GLOBAL_ACCENT_COLOR_NAME = AccentColor;
				CODE_SIGN_STYLE = Automatic;
				CURRENT_PROJECT_VERSION = 1;
				GENERATE_INFOPLIST_FILE = YES;
				INFOPLIST_FILE = AutoLayout/Info.plist;
				INFOPLIST_KEY_UIApplicationSupportsIndirectInputEvents = YES;
				INFOPLIST_KEY_UILaunchStoryboardName = LaunchScreen;
				INFOPLIST_KEY_UIMainStoryboardFile = Main;
				INFOPLIST_KEY_UISupportedInterfaceOrientations_iPad = "UIInterfaceOrientationPortrait UIInterfaceOrientationPortraitUpsideDown UIInterfaceOrientationLandscapeLeft UIInterfaceOrientationLandscapeRight";
				INFOPLIST_KEY_UISupportedInterfaceOrientations_iPhone = "UIInterfaceOrientationPortrait UIInterfaceOrientationLandscapeLeft UIInterfaceOrientationLandscapeRight";
				LD_RUNPATH_SEARCH_PATHS = (
					"$(inherited)",
					"@executable_path/Frameworks",
				);
				MARKETING_VERSION = 1.0;
				PRODUCT_BUNDLE_IDENTIFIER = diego.AutoLayout;
				PRODUCT_NAME = "$(TARGET_NAME)";
				SWIFT_EMIT_LOC_STRINGS = YES;
				SWIFT_VERSION = 5.0;
				TARGETED_DEVICE_FAMILY = "1,2";
			};
			name = Release;
		};
		39D92F4628C00C0D00BC79CE /* Debug */ = {
			isa = XCBuildConfiguration;
			buildSettings = {
				ALWAYS_EMBED_SWIFT_STANDARD_LIBRARIES = YES;
				BUNDLE_LOADER = "$(TEST_HOST)";
				CODE_SIGN_STYLE = Automatic;
				CURRENT_PROJECT_VERSION = 1;
				GENERATE_INFOPLIST_FILE = YES;
				IPHONEOS_DEPLOYMENT_TARGET = 15.5;
				MARKETING_VERSION = 1.0;
				PRODUCT_BUNDLE_IDENTIFIER = diego.AutoLayoutTests;
				PRODUCT_NAME = "$(TARGET_NAME)";
				SWIFT_EMIT_LOC_STRINGS = NO;
				SWIFT_VERSION = 5.0;
				TARGETED_DEVICE_FAMILY = "1,2";
				TEST_HOST = "$(BUILT_PRODUCTS_DIR)/AutoLayout.app/AutoLayout";
			};
			name = Debug;
		};
		39D92F4728C00C0D00BC79CE /* Release */ = {
			isa = XCBuildConfiguration;
			buildSettings = {
				ALWAYS_EMBED_SWIFT_STANDARD_LIBRARIES = YES;
				BUNDLE_LOADER = "$(TEST_HOST)";
				CODE_SIGN_STYLE = Automatic;
				CURRENT_PROJECT_VERSION = 1;
				GENERATE_INFOPLIST_FILE = YES;
				IPHONEOS_DEPLOYMENT_TARGET = 15.5;
				MARKETING_VERSION = 1.0;
				PRODUCT_BUNDLE_IDENTIFIER = diego.AutoLayoutTests;
				PRODUCT_NAME = "$(TARGET_NAME)";
				SWIFT_EMIT_LOC_STRINGS = NO;
				SWIFT_VERSION = 5.0;
				TARGETED_DEVICE_FAMILY = "1,2";
				TEST_HOST = "$(BUILT_PRODUCTS_DIR)/AutoLayout.app/AutoLayout";
			};
			name = Release;
		};
		39D92F4928C00C0D00BC79CE /* Debug */ = {
			isa = XCBuildConfiguration;
			buildSettings = {
				ALWAYS_EMBED_SWIFT_STANDARD_LIBRARIES = YES;
				CODE_SIGN_STYLE = Automatic;
				CURRENT_PROJECT_VERSION = 1;
				GENERATE_INFOPLIST_FILE = YES;
				MARKETING_VERSION = 1.0;
				PRODUCT_BUNDLE_IDENTIFIER = diego.AutoLayoutUITests;
				PRODUCT_NAME = "$(TARGET_NAME)";
				SWIFT_EMIT_LOC_STRINGS = NO;
				SWIFT_VERSION = 5.0;
				TARGETED_DEVICE_FAMILY = "1,2";
				TEST_TARGET_NAME = AutoLayout;
			};
			name = Debug;
		};
		39D92F4A28C00C0D00BC79CE /* Release */ = {
			isa = XCBuildConfiguration;
			buildSettings = {
				ALWAYS_EMBED_SWIFT_STANDARD_LIBRARIES = YES;
				CODE_SIGN_STYLE = Automatic;
				CURRENT_PROJECT_VERSION = 1;
				GENERATE_INFOPLIST_FILE = YES;
				MARKETING_VERSION = 1.0;
				PRODUCT_BUNDLE_IDENTIFIER = diego.AutoLayoutUITests;
				PRODUCT_NAME = "$(TARGET_NAME)";
				SWIFT_EMIT_LOC_STRINGS = NO;
				SWIFT_VERSION = 5.0;
				TARGETED_DEVICE_FAMILY = "1,2";
				TEST_TARGET_NAME = AutoLayout;
			};
			name = Release;
		};
/* End XCBuildConfiguration section */

/* Begin XCConfigurationList section */
		39D92F1328C00C0B00BC79CE /* Build configuration list for PBXProject "AutoLayout" */ = {
			isa = XCConfigurationList;
			buildConfigurations = (
				39D92F4028C00C0D00BC79CE /* Debug */,
				39D92F4128C00C0D00BC79CE /* Release */,
			);
			defaultConfigurationIsVisible = 0;
			defaultConfigurationName = Release;
		};
		39D92F4228C00C0D00BC79CE /* Build configuration list for PBXNativeTarget "AutoLayout" */ = {
			isa = XCConfigurationList;
			buildConfigurations = (
				39D92F4328C00C0D00BC79CE /* Debug */,
				39D92F4428C00C0D00BC79CE /* Release */,
			);
			defaultConfigurationIsVisible = 0;
			defaultConfigurationName = Release;
		};
		39D92F4528C00C0D00BC79CE /* Build configuration list for PBXNativeTarget "AutoLayoutTests" */ = {
			isa = XCConfigurationList;
			buildConfigurations = (
				39D92F4628C00C0D00BC79CE /* Debug */,
				39D92F4728C00C0D00BC79CE /* Release */,
			);
			defaultConfigurationIsVisible = 0;
			defaultConfigurationName = Release;
		};
		39D92F4828C00C0D00BC79CE /* Build configuration list for PBXNativeTarget "AutoLayoutUITests" */ = {
			isa = XCConfigurationList;
			buildConfigurations = (
				39D92F4928C00C0D00BC79CE /* Debug */,
				39D92F4A28C00C0D00BC79CE /* Release */,
			);
			defaultConfigurationIsVisible = 0;
			defaultConfigurationName = Release;
		};
/* End XCConfigurationList section */
	};
	rootObject = 39D92F1028C00C0B00BC79CE /* Project object */;
}
